
Microsoft Visual Studio Solution File, Format Version 12.00
# Visual Studio Version 16
VisualStudioVersion = 16.0.29709.97
MinimumVisualStudioVersion = 10.0.40219.1
Project("{FAE04EC0-301F-11D3-BF4B-00C04F79EFBC}") = "ConsoleApp1", "ConsoleApp1\ConsoleApp1.csproj", "{7C147EC0-3E4D-411E-B2F8-673DFF56C545}"
EndProject
Global
	GlobalSection(SolutionConfigurationPlatforms) = preSolution
		Debug|Any CPU = Debug|Any CPU
		Release|Any CPU = Release|Any CPU
	EndGlobalSection
	GlobalSection(ProjectConfigurationPlatforms) = postSolution
		{7C147EC0-3E4D-411E-B2F8-673DFF56C545}.Debug|Any CPU.ActiveCfg = Debug|Any CPU
		{7C147EC0-3E4D-411E-B2F8-673DFF56C545}.Debug|Any CPU.Build.0 = Debug|Any CPU
		{7C147EC0-3E4D-411E-B2F8-673DFF56C545}.Release|Any CPU.ActiveCfg = Release|Any CPU
		{7C147EC0-3E4D-411E-B2F8-673DFF56C545}.Release|Any CPU.Build.0 = Release|Any CPU
	EndGlobalSection
	GlobalSection(SolutionProperties) = preSolution
		HideSolutionNode = FALSE
	EndGlobalSection
	GlobalSection(ExtensibilityGlobals) = postSolution
		SolutionGuid = {06993470-FA4A-41AF-A688-34259B1B4579}
	EndGlobalSection
EndGlobal
