
Microsoft Visual Studio Solution File, Format Version 12.00
# Visual Studio Version 16
VisualStudioVersion = 16.0.29709.97
MinimumVisualStudioVersion = 10.0.40219.1
Project("{9A19103F-16F7-4668-BE54-9A1E7A4F7556}") = "ConsoleApp1", "ConsoleApp1\ConsoleApp1.csproj", "{1A8E03ED-AF2A-446E-BD17-10395863E505}"
EndProject
Project("{FAE04EC0-301F-11D3-BF4B-00C04F79EFBC}") = "Link To SQL", "Link To SQL\Link To SQL.csproj", "{C8C0EDAE-269F-477D-8303-9F0F1C9DADD3}"
EndProject
Global
	GlobalSection(SolutionConfigurationPlatforms) = preSolution
		Debug|Any CPU = Debug|Any CPU
		Release|Any CPU = Release|Any CPU
	EndGlobalSection
	GlobalSection(ProjectConfigurationPlatforms) = postSolution
		{1A8E03ED-AF2A-446E-BD17-10395863E505}.Debug|Any CPU.ActiveCfg = Debug|Any CPU
		{1A8E03ED-AF2A-446E-BD17-10395863E505}.Debug|Any CPU.Build.0 = Debug|Any CPU
		{1A8E03ED-AF2A-446E-BD17-10395863E505}.Release|Any CPU.ActiveCfg = Release|Any CPU
		{1A8E03ED-AF2A-446E-BD17-10395863E505}.Release|Any CPU.Build.0 = Release|Any CPU
		{C8C0EDAE-269F-477D-8303-9F0F1C9DADD3}.Debug|Any CPU.ActiveCfg = Debug|Any CPU
		{C8C0EDAE-269F-477D-8303-9F0F1C9DADD3}.Debug|Any CPU.Build.0 = Debug|Any CPU
		{C8C0EDAE-269F-477D-8303-9F0F1C9DADD3}.Release|Any CPU.ActiveCfg = Release|Any CPU
		{C8C0EDAE-269F-477D-8303-9F0F1C9DADD3}.Release|Any CPU.Build.0 = Release|Any CPU
	EndGlobalSection
	GlobalSection(SolutionProperties) = preSolution
		HideSolutionNode = FALSE
	EndGlobalSection
	GlobalSection(ExtensibilityGlobals) = postSolution
		SolutionGuid = {2BE43E69-901F-4E47-B177-5F076EA21701}
	EndGlobalSection
EndGlobal
